
Microsoft Visual Studio Solution File, Format Version 12.00
# Visual Studio Version 17
VisualStudioVersion = 17.4.33122.133
MinimumVisualStudioVersion = 10.0.40219.1
Project("{2150E333-8FDC-42A3-9474-1A3956D46DE8}") = "Solution Items", "Solution Items", "{152F4A10-5628-408A-9C0B-230952385F91}"
	ProjectSection(SolutionItems) = preProject
		.editorconfig = .editorconfig
	EndProjectSection
EndProject
Project("{9A19103F-16F7-4668-BE54-9A1E7A4F7556}") = "FireNeurons.NET", "FireNeurons.NET\FireNeurons.NET.csproj", "{770D245F-894F-43C8-8FA1-49E959145F12}"
EndProject
Project("{9A19103F-16F7-4668-BE54-9A1E7A4F7556}") = "FireNeurons.NET.Tests", "FireNeurons.NET.Tests\FireNeurons.NET.Tests.csproj", "{8125D313-8E3A-465A-BA1D-C0227A194F9C}"
EndProject
Project("{9A19103F-16F7-4668-BE54-9A1E7A4F7556}") = "FireNeurons.NET.Analyser", "FireNeurons.NET.Analyser\FireNeurons.NET.Analyser.csproj", "{711D5963-CC5E-4971-B35E-BB9294020AEF}"
EndProject
Project("{9A19103F-16F7-4668-BE54-9A1E7A4F7556}") = "FireNeurons.NET.CNN", "FireNeurons.NET.CNN\FireNeurons.NET.CNN.csproj", "{53930712-DA73-4C08-B77B-220BBEA9CEF3}"
EndProject
Project("{9A19103F-16F7-4668-BE54-9A1E7A4F7556}") = "Tester", "Tester\Tester.csproj", "{555EE017-A43B-482A-BDBA-BCDE6FB960AE}"
EndProject
Global
	GlobalSection(SolutionConfigurationPlatforms) = preSolution
		Debug|Any CPU = Debug|Any CPU
		Release|Any CPU = Release|Any CPU
	EndGlobalSection
	GlobalSection(ProjectConfigurationPlatforms) = postSolution
		{770D245F-894F-43C8-8FA1-49E959145F12}.Debug|Any CPU.ActiveCfg = Debug|Any CPU
		{770D245F-894F-43C8-8FA1-49E959145F12}.Debug|Any CPU.Build.0 = Debug|Any CPU
		{770D245F-894F-43C8-8FA1-49E959145F12}.Release|Any CPU.ActiveCfg = Release|Any CPU
		{770D245F-894F-43C8-8FA1-49E959145F12}.Release|Any CPU.Build.0 = Release|Any CPU
		{8125D313-8E3A-465A-BA1D-C0227A194F9C}.Debug|Any CPU.ActiveCfg = Debug|Any CPU
		{8125D313-8E3A-465A-BA1D-C0227A194F9C}.Debug|Any CPU.Build.0 = Debug|Any CPU
		{8125D313-8E3A-465A-BA1D-C0227A194F9C}.Release|Any CPU.ActiveCfg = Release|Any CPU
		{8125D313-8E3A-465A-BA1D-C0227A194F9C}.Release|Any CPU.Build.0 = Release|Any CPU
		{711D5963-CC5E-4971-B35E-BB9294020AEF}.Debug|Any CPU.ActiveCfg = Debug|Any CPU
		{711D5963-CC5E-4971-B35E-BB9294020AEF}.Debug|Any CPU.Build.0 = Debug|Any CPU
		{711D5963-CC5E-4971-B35E-BB9294020AEF}.Release|Any CPU.ActiveCfg = Release|Any CPU
		{711D5963-CC5E-4971-B35E-BB9294020AEF}.Release|Any CPU.Build.0 = Release|Any CPU
		{53930712-DA73-4C08-B77B-220BBEA9CEF3}.Debug|Any CPU.ActiveCfg = Debug|Any CPU
		{53930712-DA73-4C08-B77B-220BBEA9CEF3}.Debug|Any CPU.Build.0 = Debug|Any CPU
		{53930712-DA73-4C08-B77B-220BBEA9CEF3}.Release|Any CPU.ActiveCfg = Release|Any CPU
		{53930712-DA73-4C08-B77B-220BBEA9CEF3}.Release|Any CPU.Build.0 = Release|Any CPU
		{555EE017-A43B-482A-BDBA-BCDE6FB960AE}.Debug|Any CPU.ActiveCfg = Debug|Any CPU
		{555EE017-A43B-482A-BDBA-BCDE6FB960AE}.Debug|Any CPU.Build.0 = Debug|Any CPU
		{555EE017-A43B-482A-BDBA-BCDE6FB960AE}.Release|Any CPU.ActiveCfg = Release|Any CPU
		{555EE017-A43B-482A-BDBA-BCDE6FB960AE}.Release|Any CPU.Build.0 = Release|Any CPU
	EndGlobalSection
	GlobalSection(SolutionProperties) = preSolution
		HideSolutionNode = FALSE
	EndGlobalSection
	GlobalSection(ExtensibilityGlobals) = postSolution
		SolutionGuid = {2388B327-AF55-458F-AAD2-0ECDCEE87FF7}
	EndGlobalSection
EndGlobal
