
Microsoft Visual Studio Solution File, Format Version 12.00
# Visual Studio Version 17
VisualStudioVersion = 17.4.33122.133
MinimumVisualStudioVersion = 10.0.40219.1
Project("{9A19103F-16F7-4668-BE54-9A1E7A4F7556}") = "NeuralNetwork.NET", "NeuralNetwork.NET\NeuralNetwork.NET.csproj", "{B56CF1F6-4D34-482E-9C80-D2FFE8B164EF}"
EndProject
Project("{2150E333-8FDC-42A3-9474-1A3956D46DE8}") = "Solution Items", "Solution Items", "{152F4A10-5628-408A-9C0B-230952385F91}"
	ProjectSection(SolutionItems) = preProject
		.editorconfig = .editorconfig
	EndProjectSection
EndProject
Global
	GlobalSection(SolutionConfigurationPlatforms) = preSolution
		Debug|Any CPU = Debug|Any CPU
		Release|Any CPU = Release|Any CPU
	EndGlobalSection
	GlobalSection(ProjectConfigurationPlatforms) = postSolution
		{B56CF1F6-4D34-482E-9C80-D2FFE8B164EF}.Debug|Any CPU.ActiveCfg = Debug|Any CPU
		{B56CF1F6-4D34-482E-9C80-D2FFE8B164EF}.Debug|Any CPU.Build.0 = Debug|Any CPU
		{B56CF1F6-4D34-482E-9C80-D2FFE8B164EF}.Release|Any CPU.ActiveCfg = Release|Any CPU
		{B56CF1F6-4D34-482E-9C80-D2FFE8B164EF}.Release|Any CPU.Build.0 = Release|Any CPU
	EndGlobalSection
	GlobalSection(SolutionProperties) = preSolution
		HideSolutionNode = FALSE
	EndGlobalSection
	GlobalSection(ExtensibilityGlobals) = postSolution
		SolutionGuid = {2388B327-AF55-458F-AAD2-0ECDCEE87FF7}
	EndGlobalSection
EndGlobal
