
Microsoft Visual Studio Solution File, Format Version 12.00
# Visual Studio Version 17
VisualStudioVersion = 17.4.33122.133
MinimumVisualStudioVersion = 10.0.40219.1
Project("{FAE04EC0-301F-11D3-BF4B-00C04F79EFBC}") = "NeuralNetwork.NET", "NeuralNetwork.NET\NeuralNetwork.NET.csproj", "{3EBF024E-37E4-44DD-8B1E-B552B5713A85}"
EndProject
Global
	GlobalSection(SolutionConfigurationPlatforms) = preSolution
		Debug|Any CPU = Debug|Any CPU
		Release|Any CPU = Release|Any CPU
	EndGlobalSection
	GlobalSection(ProjectConfigurationPlatforms) = postSolution
		{3EBF024E-37E4-44DD-8B1E-B552B5713A85}.Debug|Any CPU.ActiveCfg = Debug|Any CPU
		{3EBF024E-37E4-44DD-8B1E-B552B5713A85}.Debug|Any CPU.Build.0 = Debug|Any CPU
		{3EBF024E-37E4-44DD-8B1E-B552B5713A85}.Release|Any CPU.ActiveCfg = Release|Any CPU
		{3EBF024E-37E4-44DD-8B1E-B552B5713A85}.Release|Any CPU.Build.0 = Release|Any CPU
	EndGlobalSection
	GlobalSection(SolutionProperties) = preSolution
		HideSolutionNode = FALSE
	EndGlobalSection
	GlobalSection(ExtensibilityGlobals) = postSolution
		SolutionGuid = {2388B327-AF55-458F-AAD2-0ECDCEE87FF7}
	EndGlobalSection
EndGlobal
